
Microsoft Visual Studio Solution File, Format Version 12.00
# Visual Studio Version 16
VisualStudioVersion = 16.0.32228.343
MinimumVisualStudioVersion = 10.0.40219.1
Project("{FAE04EC0-301F-11D3-BF4B-00C04F79EFBC}") = "ConsoleApp1", "ConsoleApp1\ConsoleApp1.csproj", "{99AD81DF-75A3-4A89-B1C6-60070EEA839B}"
EndProject
Global
	GlobalSection(SolutionConfigurationPlatforms) = preSolution
		Debug|Any CPU = Debug|Any CPU
		Release|Any CPU = Release|Any CPU
	EndGlobalSection
	GlobalSection(ProjectConfigurationPlatforms) = postSolution
		{99AD81DF-75A3-4A89-B1C6-60070EEA839B}.Debug|Any CPU.ActiveCfg = Debug|Any CPU
		{99AD81DF-75A3-4A89-B1C6-60070EEA839B}.Debug|Any CPU.Build.0 = Debug|Any CPU
		{99AD81DF-75A3-4A89-B1C6-60070EEA839B}.Release|Any CPU.ActiveCfg = Release|Any CPU
		{99AD81DF-75A3-4A89-B1C6-60070EEA839B}.Release|Any CPU.Build.0 = Release|Any CPU
	EndGlobalSection
	GlobalSection(SolutionProperties) = preSolution
		HideSolutionNode = FALSE
	EndGlobalSection
	GlobalSection(ExtensibilityGlobals) = postSolution
		SolutionGuid = {6634B5CC-92CC-49AE-BF14-3101EBB6AAD7}
	EndGlobalSection
EndGlobal
